
Microsoft Visual Studio Solution File, Format Version 12.00
# Visual Studio Version 17
VisualStudioVersion = 17.7.34024.191
MinimumVisualStudioVersion = 10.0.40219.1
Project("{FAE04EC0-301F-11D3-BF4B-00C04F79EFBC}") = "Console_Application", "Console_Application\Console_Application.csproj", "{DEACE47B-F1F6-441F-9ECB-D5DAF89B8DD2}"
EndProject
Project("{FAE04EC0-301F-11D3-BF4B-00C04F79EFBC}") = "Console_Application_Account_4", "Console_Application_Account_4\Console_Application_Account_4.csproj", "{FF5E2DD2-4AF9-4CA3-A910-60DBD9B7E8A9}"
EndProject
Global
	GlobalSection(SolutionConfigurationPlatforms) = preSolution
		Debug|Any CPU = Debug|Any CPU
		Release|Any CPU = Release|Any CPU
	EndGlobalSection
	GlobalSection(ProjectConfigurationPlatforms) = postSolution
		{DEACE47B-F1F6-441F-9ECB-D5DAF89B8DD2}.Debug|Any CPU.ActiveCfg = Debug|Any CPU
		{DEACE47B-F1F6-441F-9ECB-D5DAF89B8DD2}.Debug|Any CPU.Build.0 = Debug|Any CPU
		{DEACE47B-F1F6-441F-9ECB-D5DAF89B8DD2}.Release|Any CPU.ActiveCfg = Release|Any CPU
		{DEACE47B-F1F6-441F-9ECB-D5DAF89B8DD2}.Release|Any CPU.Build.0 = Release|Any CPU
		{FF5E2DD2-4AF9-4CA3-A910-60DBD9B7E8A9}.Debug|Any CPU.ActiveCfg = Debug|Any CPU
		{FF5E2DD2-4AF9-4CA3-A910-60DBD9B7E8A9}.Debug|Any CPU.Build.0 = Debug|Any CPU
		{FF5E2DD2-4AF9-4CA3-A910-60DBD9B7E8A9}.Release|Any CPU.ActiveCfg = Release|Any CPU
		{FF5E2DD2-4AF9-4CA3-A910-60DBD9B7E8A9}.Release|Any CPU.Build.0 = Release|Any CPU
	EndGlobalSection
	GlobalSection(SolutionProperties) = preSolution
		HideSolutionNode = FALSE
	EndGlobalSection
	GlobalSection(ExtensibilityGlobals) = postSolution
		SolutionGuid = {947EA36E-E198-4D46-AF32-005EC4197908}
	EndGlobalSection
EndGlobal
