
Microsoft Visual Studio Solution File, Format Version 12.00
# Visual Studio Version 17
VisualStudioVersion = 17.7.34024.191
MinimumVisualStudioVersion = 10.0.40219.1
Project("{9A19103F-16F7-4668-BE54-9A1E7A4F7556}") = "ex2", "ex2.csproj", "{9ED20AC1-3DC1-4247-8B8A-5F55BF4CF9F6}"
EndProject
Global
	GlobalSection(SolutionConfigurationPlatforms) = preSolution
		Debug|Any CPU = Debug|Any CPU
		Release|Any CPU = Release|Any CPU
	EndGlobalSection
	GlobalSection(ProjectConfigurationPlatforms) = postSolution
		{9ED20AC1-3DC1-4247-8B8A-5F55BF4CF9F6}.Debug|Any CPU.ActiveCfg = Debug|Any CPU
		{9ED20AC1-3DC1-4247-8B8A-5F55BF4CF9F6}.Debug|Any CPU.Build.0 = Debug|Any CPU
		{9ED20AC1-3DC1-4247-8B8A-5F55BF4CF9F6}.Release|Any CPU.ActiveCfg = Release|Any CPU
		{9ED20AC1-3DC1-4247-8B8A-5F55BF4CF9F6}.Release|Any CPU.Build.0 = Release|Any CPU
	EndGlobalSection
	GlobalSection(SolutionProperties) = preSolution
		HideSolutionNode = FALSE
	EndGlobalSection
	GlobalSection(ExtensibilityGlobals) = postSolution
		SolutionGuid = {7DEFA20C-4FA5-49D0-AD4F-C3BE7F06F1DC}
	EndGlobalSection
EndGlobal
