
Microsoft Visual Studio Solution File, Format Version 12.00
# Visual Studio Version 17
VisualStudioVersion = 17.7.34024.191
MinimumVisualStudioVersion = 10.0.40219.1
Project("{9A19103F-16F7-4668-BE54-9A1E7A4F7556}") = "ex1", "ex1.csproj", "{209EA4D0-5C08-4518-9E98-97D65A919D2F}"
EndProject
Global
	GlobalSection(SolutionConfigurationPlatforms) = preSolution
		Debug|Any CPU = Debug|Any CPU
		Release|Any CPU = Release|Any CPU
	EndGlobalSection
	GlobalSection(ProjectConfigurationPlatforms) = postSolution
		{209EA4D0-5C08-4518-9E98-97D65A919D2F}.Debug|Any CPU.ActiveCfg = Debug|Any CPU
		{209EA4D0-5C08-4518-9E98-97D65A919D2F}.Debug|Any CPU.Build.0 = Debug|Any CPU
		{209EA4D0-5C08-4518-9E98-97D65A919D2F}.Release|Any CPU.ActiveCfg = Release|Any CPU
		{209EA4D0-5C08-4518-9E98-97D65A919D2F}.Release|Any CPU.Build.0 = Release|Any CPU
	EndGlobalSection
	GlobalSection(SolutionProperties) = preSolution
		HideSolutionNode = FALSE
	EndGlobalSection
	GlobalSection(ExtensibilityGlobals) = postSolution
		SolutionGuid = {353B040C-D4CE-440E-A82B-69160806EE0E}
	EndGlobalSection
EndGlobal
